
Microsoft Visual Studio Solution File, Format Version 12.00
# Visual Studio Version 17
VisualStudioVersion = 17.2.32630.192
MinimumVisualStudioVersion = 10.0.40219.1
Project("{FAE04EC0-301F-11D3-BF4B-00C04F79EFBC}") = "ApiModulo9", "ApiModulo9\ApiModulo9.csproj", "{FB905CF2-7CA9-4B8E-862E-52AE0643151A}"
EndProject
Global
	GlobalSection(SolutionConfigurationPlatforms) = preSolution
		Debug|Any CPU = Debug|Any CPU
		Release|Any CPU = Release|Any CPU
	EndGlobalSection
	GlobalSection(ProjectConfigurationPlatforms) = postSolution
		{FB905CF2-7CA9-4B8E-862E-52AE0643151A}.Debug|Any CPU.ActiveCfg = Debug|Any CPU
		{FB905CF2-7CA9-4B8E-862E-52AE0643151A}.Debug|Any CPU.Build.0 = Debug|Any CPU
		{FB905CF2-7CA9-4B8E-862E-52AE0643151A}.Release|Any CPU.ActiveCfg = Release|Any CPU
		{FB905CF2-7CA9-4B8E-862E-52AE0643151A}.Release|Any CPU.Build.0 = Release|Any CPU
	EndGlobalSection
	GlobalSection(SolutionProperties) = preSolution
		HideSolutionNode = FALSE
	EndGlobalSection
	GlobalSection(ExtensibilityGlobals) = postSolution
		SolutionGuid = {1347D4C8-5550-4188-B21C-1CDB7FBB26B0}
	EndGlobalSection
EndGlobal
